{
  "name": "travisTest",
  "version": "1.0.0",
  "lockfileVersion": 1,
  "requires": true,
  "dependencies": {
    "accept": {
      "version": "2.1.4",
      "resolved": "https://registry.npmjs.org/accept/-/accept-2.1.4.tgz",
      "integrity": "sha1-iHr1TO7lx/RDBGGXHsQAxh0JrLs=",
      "requires": {
        "boom": "5.x.x",
        "hoek": "4.x.x"
      },
      "dependencies": {
        "boom": {
          "version": "5.2.0",
          "resolved": "https://registry.npmjs.org/boom/-/boom-5.2.0.tgz",
          "integrity": "sha512-Z5BTk6ZRe4tXXQlkqftmsAUANpXmuwlsF5Oov8ThoMbQRzdGTA1ngYRW160GexgOgjsFOKJz0LYhoNi+2AMBUw==",
          "requires": {
            "hoek": "4.x.x"
          }
        }
      }
    },
    "ammo": {
      "version": "2.0.4",
      "resolved": "https://registry.npmjs.org/ammo/-/ammo-2.0.4.tgz",
      "integrity": "sha1-v4CqshFpjqePY+9efxE91dnokX8=",
      "requires": {
        "boom": "5.x.x",
        "hoek": "4.x.x"
      },
      "dependencies": {
        "boom": {
          "version": "5.2.0",
          "resolved": "https://registry.npmjs.org/boom/-/boom-5.2.0.tgz",
          "integrity": "sha512-Z5BTk6ZRe4tXXQlkqftmsAUANpXmuwlsF5Oov8ThoMbQRzdGTA1ngYRW160GexgOgjsFOKJz0LYhoNi+2AMBUw==",
          "requires": {
            "hoek": "4.x.x"
          }
        }
      }
    },
    "argparse": {
      "version": "1.0.10",
      "resolved": "https://registry.npmjs.org/argparse/-/argparse-1.0.10.tgz",
      "integrity": "sha512-o5Roy6tNG4SL/FOkCAN6RzjiakZS25RLYFrcMttJqbdd8BWrnA+fGz57iN5Pb06pvBGvl5gQ0B48dJlslXvoTg==",
      "requires": {
        "sprintf-js": "~1.0.2"
      }
    },
    "async": {
      "version": "2.6.1",
      "resolved": "https://registry.npmjs.org/async/-/async-2.6.1.tgz",
      "integrity": "sha512-fNEiL2+AZt6AlAw/29Cr0UDe4sRAHCpEHh54WMz+Bb7QfNcFw4h3loofyJpLeQs4Yx7yuqu/2dLgM5hKOs6HlQ==",
      "requires": {
        "lodash": "^4.17.10"
      }
    },
    "bluebird": {
      "version": "3.5.0",
      "resolved": "https://registry.npmjs.org/bluebird/-/bluebird-3.5.0.tgz",
      "integrity": "sha1-eRQg1/VR7qKJdFOop3ZT+WYG1nw="
    },
    "boom": {
      "version": "3.2.2",
      "resolved": "http://registry.npmjs.org/boom/-/boom-3.2.2.tgz",
      "integrity": "sha1-DwzF0ErcUAO4x9cfQsynJx/vDng=",
      "requires": {
        "hoek": "4.x.x"
      }
    },
    "bson": {
      "version": "1.0.9",
      "resolved": "https://registry.npmjs.org/bson/-/bson-1.0.9.tgz",
      "integrity": "sha512-IQX9/h7WdMBIW/q/++tGd+emQr0XMdeZ6icnT/74Xk9fnabWn+gZgpE+9V+gujL3hhJOoNrnDVY7tWdzc7NUTg=="
    },
    "buffer-shims": {
      "version": "1.0.0",
      "resolved": "https://registry.npmjs.org/buffer-shims/-/buffer-shims-1.0.0.tgz",
      "integrity": "sha1-mXjOMXOIxkmth5MCjDR37wRKi1E="
    },
    "call-me-maybe": {
      "version": "1.0.1",
      "resolved": "https://registry.npmjs.org/call-me-maybe/-/call-me-maybe-1.0.1.tgz",
      "integrity": "sha1-JtII6onje1y95gJQoV8DHBak1ms="
    },
    "commander": {
      "version": "2.17.1",
      "resolved": "https://registry.npmjs.org/commander/-/commander-2.17.1.tgz",
      "integrity": "sha512-wPMUt6FnH2yzG95SA6mzjQOEKUU3aLaDEmzs1ti+1E9h+CsrZghRlqEM/EJ4KscsQVG8uNN4uVreUeT8+drlgg==",
      "optional": true
    },
    "core-js": {
      "version": "2.6.0",
      "resolved": "https://registry.npmjs.org/core-js/-/core-js-2.6.0.tgz",
      "integrity": "sha512-kLRC6ncVpuEW/1kwrOXYX6KQASCVtrh1gQr/UiaVgFlf9WE5Vp+lNe5+h3LuMr5PAucWnnEXwH0nQHRH/gpGtw=="
    },
    "core-util-is": {
      "version": "1.0.2",
      "resolved": "https://registry.npmjs.org/core-util-is/-/core-util-is-1.0.2.tgz",
      "integrity": "sha1-tf1UIgqivFq1eqtxQMlAdUUDwac="
    },
    "debug": {
      "version": "3.2.6",
      "resolved": "https://registry.npmjs.org/debug/-/debug-3.2.6.tgz",
      "integrity": "sha512-mel+jf7nrtEl5Pn1Qx46zARXKDpBbvzezse7p7LqINmdoIk8PYP5SySaxEmYv6TZ0JyEKA1hsCId6DIhgITtWQ==",
      "requires": {
        "ms": "^2.1.1"
      }
    },
    "duplexify": {
      "version": "3.6.1",
      "resolved": "https://registry.npmjs.org/duplexify/-/duplexify-3.6.1.tgz",
      "integrity": "sha512-vM58DwdnKmty+FSPzT14K9JXb90H+j5emaR4KYbr2KTIz00WHGbWOe5ghQTx233ZCLZtrGDALzKwcjEtSt35mA==",
      "requires": {
        "end-of-stream": "^1.0.0",
        "inherits": "^2.0.1",
        "readable-stream": "^2.0.0",
        "stream-shift": "^1.0.0"
      }
    },
    "end-of-stream": {
      "version": "1.4.1",
      "resolved": "https://registry.npmjs.org/end-of-stream/-/end-of-stream-1.4.1.tgz",
      "integrity": "sha512-1MkrZNvWTKCaigbn+W15elq2BB/L22nqrSY5DKlo3X6+vclJm8Bb5djXJBmEX6fS3+zCh/F4VBK5Z2KxJt4s2Q==",
      "requires": {
        "once": "^1.4.0"
      }
    },
    "es6-promise": {
      "version": "4.2.5",
      "resolved": "https://registry.npmjs.org/es6-promise/-/es6-promise-4.2.5.tgz",
      "integrity": "sha512-n6wvpdE43VFtJq+lUDYDBFUwV8TZbuGXLV4D6wKafg13ldznKsyEvatubnmUe31zcvelSzOHF+XbaT+Bl9ObDg=="
    },
    "esprima": {
      "version": "4.0.1",
      "resolved": "https://registry.npmjs.org/esprima/-/esprima-4.0.1.tgz",
      "integrity": "sha512-eGuFFw7Upda+g4p+QHvnW0RyTX/SVeJBDM/gCtMARO0cLuT2HcEKnTPvhjV6aGeqrCB/sbNop0Kszm0jsaWU4A=="
    },
    "fast-safe-stringify": {
      "version": "2.0.6",
      "resolved": "https://registry.npmjs.org/fast-safe-stringify/-/fast-safe-stringify-2.0.6.tgz",
      "integrity": "sha512-q8BZ89jjc+mz08rSxROs8VsrBBcn1SIw1kq9NjolL509tkABRk9io01RAjSaEv1Xb2uFLt8VtRiZbGp5H8iDtg=="
    },
    "format-util": {
      "version": "1.0.3",
      "resolved": "https://registry.npmjs.org/format-util/-/format-util-1.0.3.tgz",
      "integrity": "sha1-Ay3KShFiYqEsQ/TD7IVmQWxbLZU="
    },
    "good": {
      "version": "7.3.0",
      "resolved": "https://registry.npmjs.org/good/-/good-7.3.0.tgz",
      "integrity": "sha512-bZ4clzBw75zI424QUOrOnzwSM/7BrJ/2xTX75IT3spIZ052OPYEzLqdSt4mj/zZfs2OU52+/428QEmvyKUscUQ==",
      "requires": {
        "hoek": "4.x.x",
        "joi": "10.x.x",
        "oppsy": "1.x.x",
        "pumpify": "1.3.x"
      },
      "dependencies": {
        "joi": {
          "version": "10.6.0",
          "resolved": "https://registry.npmjs.org/joi/-/joi-10.6.0.tgz",
          "integrity": "sha512-hBF3LcqyAid+9X/pwg+eXjD2QBZI5eXnBFJYaAkH4SK3mp9QSRiiQnDYlmlz5pccMvnLcJRS4whhDOTCkmsAdQ==",
          "requires": {
            "hoek": "4.x.x",
            "isemail": "2.x.x",
            "items": "2.x.x",
            "topo": "2.x.x"
          }
        }
      }
    },
    "good-console": {
      "version": "6.4.1",
      "resolved": "https://registry.npmjs.org/good-console/-/good-console-6.4.1.tgz",
      "integrity": "sha1-WSKXSGi8872VlDcrozgY3A0BpGQ=",
      "requires": {
        "hoek": "4.x.x",
        "joi": "8.1.x",
        "json-stringify-safe": "5.0.x",
        "moment": "2.19.x"
      },
      "dependencies": {
        "joi": {
          "version": "8.1.1",
          "resolved": "http://registry.npmjs.org/joi/-/joi-8.1.1.tgz",
          "integrity": "sha1-LYtSpdkJ0hftRySFd+7+ixeY9I8=",
          "requires": {
            "hoek": "4.x.x",
            "isemail": "2.x.x",
            "moment": "2.x.x",
            "topo": "2.x.x"
          }
        }
      }
    },
    "good-squeeze": {
      "version": "5.1.0",
      "resolved": "https://registry.npmjs.org/good-squeeze/-/good-squeeze-5.1.0.tgz",
      "integrity": "sha1-Jl8+i+YIGqRMVdSE0a83XhZnUrk=",
      "requires": {
        "fast-safe-stringify": "2.0.x",
        "hoek": "4.2.x"
      }
    },
    "handlebars": {
      "version": "4.0.12",
      "resolved": "https://registry.npmjs.org/handlebars/-/handlebars-4.0.12.tgz",
      "integrity": "sha512-RhmTekP+FZL+XNhwS1Wf+bTTZpdLougwt5pcgA1tuz6Jcx0fpH/7z0qd71RKnZHBCxIRBHfBOnio4gViPemNzA==",
      "requires": {
        "async": "^2.5.0",
        "optimist": "^0.6.1",
        "source-map": "^0.6.1",
        "uglify-js": "^3.1.4"
      }
    },
    "hapi": {
      "version": "13.5.3",
      "resolved": "http://registry.npmjs.org/hapi/-/hapi-13.5.3.tgz",
      "integrity": "sha1-gYtdneXokGveaMoL0ZqTZWQTwCg=",
      "requires": {
        "accept": "2.x.x",
        "ammo": "2.x.x",
        "boom": "3.x.x",
        "call": "3.x.x",
        "catbox": "7.x.x",
        "catbox-memory": "2.x.x",
        "cryptiles": "3.x.x",
        "heavy": "4.x.x",
        "hoek": "4.x.x",
        "iron": "4.x.x",
        "items": "2.x.x",
        "joi": "8.x.x",
        "kilt": "2.x.x",
        "mimos": "3.x.x",
        "peekaboo": "2.x.x",
        "shot": "3.x.x",
        "statehood": "4.x.x",
        "subtext": "4.x.x",
        "topo": "2.x.x"
      },
      "dependencies": {
        "ammo": {
          "version": "2.0.1",
          "resolved": "http://registry.npmjs.org/ammo/-/ammo-2.0.1.tgz",
          "integrity": "sha1-agfseOgSneLf01G6bnmDULJqMt8=",
          "requires": {
            "boom": "3.x.x",
            "hoek": "4.x.x"
          }
        },
        "boom": {
          "version": "3.2.0",
          "resolved": "http://registry.npmjs.org/boom/-/boom-3.2.0.tgz",
          "integrity": "sha1-Z92RhQy0gV4FGqXBi1eKS5o7/eg=",
          "requires": {
            "hoek": "4.x.x"
          }
        },
        "call": {
          "version": "3.0.2",
          "resolved": "http://registry.npmjs.org/call/-/call-3.0.2.tgz",
          "integrity": "sha1-y+/QTvwaB7kdxAllDrcKsuDSpx4=",
          "requires": {
            "boom": "3.x.x",
            "hoek": "4.x.x"
          }
        },
        "catbox": {
          "version": "7.1.1",
          "resolved": "http://registry.npmjs.org/catbox/-/catbox-7.1.1.tgz",
          "integrity": "sha1-KBkzXfpFs3JgubkZN+mWttCg09I=",
          "requires": {
            "boom": "3.x.x",
            "hoek": "4.x.x",
            "joi": "8.x.x"
          }
        },
        "catbox-memory": {
          "version": "2.0.2",
          "resolved": "http://registry.npmjs.org/catbox-memory/-/catbox-memory-2.0.2.tgz",
          "integrity": "sha1-XqRKtmYOUHtumE9qZW2K8sps6zs=",
          "requires": {
            "hoek": "4.x.x"
          }
        },
        "cryptiles": {
          "version": "3.0.1",
          "resolved": "http://registry.npmjs.org/cryptiles/-/cryptiles-3.0.1.tgz",
          "integrity": "sha1-4KDpAhk3Vq/Veqp2AtQ/VQczBeI=",
          "requires": {
            "boom": "3.x.x"
          }
        },
        "heavy": {
          "version": "4.0.1",
          "resolved": "http://registry.npmjs.org/heavy/-/heavy-4.0.1.tgz",
          "integrity": "sha1-UJAaFEiCU8K5VrAHKZbI9WGHA0Y=",
          "requires": {
            "boom": "3.x.x",
            "hoek": "4.x.x",
            "joi": "8.x.x"
          }
        },
        "hoek": {
          "version": "4.0.0",
          "resolved": "http://registry.npmjs.org/hoek/-/hoek-4.0.0.tgz",
          "integrity": "sha1-NCm9h9lUj9RU5PbIVCiZropB30o="
        },
        "iron": {
          "version": "4.0.1",
          "resolved": "http://registry.npmjs.org/iron/-/iron-4.0.1.tgz",
          "integrity": "sha1-yCKCABIdU89gu5BfHN3Dxb4Akys=",
          "requires": {
            "boom": "3.x.x",
            "cryptiles": "3.x.x",
            "hoek": "4.x.x"
          }
        },
        "items": {
          "version": "2.1.0",
          "resolved": "http://registry.npmjs.org/items/-/items-2.1.0.tgz",
          "integrity": "sha1-L9AdSJ5+xYYb8Q69td3KM4Q8hQ8="
        },
        "joi": {
          "version": "8.1.0",
          "resolved": "http://registry.npmjs.org/joi/-/joi-8.1.0.tgz",
          "integrity": "sha1-WhkJTM5oAJzhGDHzutOh4eCvotE=",
          "requires": {
            "hoek": "4.x.x",
            "isemail": "2.x.x",
            "moment": "2.x.x",
            "topo": "2.x.x"
          },
          "dependencies": {
            "isemail": {
              "version": "2.1.2",
              "resolved": "http://registry.npmjs.org/isemail/-/isemail-2.1.2.tgz",
              "integrity": "sha1-YkwVWmd0MRRopQN6k/G10fFmd6Q="
            },
            "moment": {
              "version": "2.13.0",
              "resolved": "http://registry.npmjs.org/moment/-/moment-2.13.0.tgz",
              "integrity": "sha1-JBYtmVIebUD5muaTnoBtITnqrFI="
            }
          }
        },
        "kilt": {
          "version": "2.0.1",
          "resolved": "http://registry.npmjs.org/kilt/-/kilt-2.0.1.tgz",
          "integrity": "sha1-bj33ed8bifSZgZ2pJS5vFc0BfzM=",
          "requires": {
            "hoek": "4.x.x"
          }
        },
        "mimos": {
          "version": "3.0.1",
          "resolved": "http://registry.npmjs.org/mimos/-/mimos-3.0.1.tgz",
          "integrity": "sha1-o/H/CaELVllHNDrDNyP1JGfWlfQ=",
          "requires": {
            "hoek": "4.x.x",
            "mime-db": "1.x.x"
          },
          "dependencies": {
            "mime-db": {
              "version": "1.23.0",
              "resolved": "http://registry.npmjs.org/mime-db/-/mime-db-1.23.0.tgz",
              "integrity": "sha1-oxtAcK2uon1zLqMzdApk0OyaZlk="
            }
          }
        },
        "peekaboo": {
          "version": "2.0.1",
          "resolved": "http://registry.npmjs.org/peekaboo/-/peekaboo-2.0.1.tgz",
          "integrity": "sha1-EQXxouquXY/p8In2/ummYCqCsus="
        },
        "shot": {
          "version": "3.1.0",
          "resolved": "http://registry.npmjs.org/shot/-/shot-3.1.0.tgz",
          "integrity": "sha1-kvOMYIWECwZNPBzZ14hC/FxPSDw="
        },
        "statehood": {
          "version": "4.0.1",
          "resolved": "http://registry.npmjs.org/statehood/-/statehood-4.0.1.tgz",
          "integrity": "sha1-hc6QUwTDCZi6zRwL93h/qKvGCVg=",
          "requires": {
            "boom": "3.x.x",
            "cryptiles": "3.x.x",
            "hoek": "4.x.x",
            "iron": "4.x.x",
            "items": "2.x.x",
            "joi": "8.x.x"
          }
        },
        "subtext": {
          "version": "4.0.3",
          "resolved": "http://registry.npmjs.org/subtext/-/subtext-4.0.3.tgz",
          "integrity": "sha1-XF2cVMxl/292f/Bzu4fsITUwhSQ=",
          "requires": {
            "boom": "3.x.x",
            "content": "3.x.x",
            "hoek": "4.x.x",
            "pez": "2.x.x",
            "wreck": "7.x.x"
          },
          "dependencies": {
            "content": {
              "version": "3.0.1",
              "resolved": "http://registry.npmjs.org/content/-/content-3.0.1.tgz",
              "integrity": "sha1-5PXwSKSw6kMiDEHADNOJWsBl8so=",
              "requires": {
                "boom": "3.x.x"
              }
            },
            "pez": {
              "version": "2.1.1",
              "resolved": "http://registry.npmjs.org/pez/-/pez-2.1.1.tgz",
              "integrity": "sha1-S1OYWcfr5v1pO5bh7UQriSxy7fI=",
              "requires": {
                "b64": "3.x.x",
                "boom": "3.x.x",
                "content": "3.x.x",
                "hoek": "4.x.x",
                "nigel": "2.x.x"
              },
              "dependencies": {
                "b64": {
                  "version": "3.0.1",
                  "resolved": "http://registry.npmjs.org/b64/-/b64-3.0.1.tgz",
                  "integrity": "sha1-F9ez+b8IG1/zGviRc55pUo1yYFo=",
                  "requires": {
                    "hoek": "4.x.x"
                  }
                },
                "nigel": {
                  "version": "2.0.1",
                  "resolved": "http://registry.npmjs.org/nigel/-/nigel-2.0.1.tgz",
                  "integrity": "sha1-ujcV/GMZsR6dYjKnPbDh3KprnBo=",
                  "requires": {
                    "hoek": "4.x.x",
                    "vise": "2.x.x"
                  },
                  "dependencies": {
                    "vise": {
                      "version": "2.0.1",
                      "resolved": "http://registry.npmjs.org/vise/-/vise-2.0.1.tgz",
                      "integrity": "sha1-RbryamPuomyvGp06bd9xaJVQh/Q=",
                      "requires": {
                        "hoek": "4.x.x"
                      }
                    }
                  }
                }
              }
            },
            "wreck": {
              "version": "7.2.1",
              "resolved": "http://registry.npmjs.org/wreck/-/wreck-7.2.1.tgz",
              "integrity": "sha1-7s0R0NkeozTWa7PsUjFUBdpokVg=",
              "requires": {
                "boom": "3.x.x",
                "hoek": "4.x.x"
              }
            }
          }
        },
        "topo": {
          "version": "2.0.1",
          "resolved": "http://registry.npmjs.org/topo/-/topo-2.0.1.tgz",
          "integrity": "sha1-yh9pqDQhjCG4JquywDNSEu3gS3U=",
          "requires": {
            "hoek": "4.x.x"
          }
        }
      }
    },
    "hapi-swagger": {
      "version": "6.2.2",
      "resolved": "http://registry.npmjs.org/hapi-swagger/-/hapi-swagger-6.2.2.tgz",
      "integrity": "sha1-PgP7ABu9XdmWGc6Dfx6l9vkYTCM=",
      "requires": {
        "boom": "^3.2.2",
        "handlebars": "^4.0.5",
        "hoek": "^4.0.1",
        "http-status": "^0.2.3",
        "joi": "9.0.4",
        "json-schema-ref-parser": "^3.1.2"
      },
      "dependencies": {
        "joi": {
          "version": "9.0.4",
          "resolved": "http://registry.npmjs.org/joi/-/joi-9.0.4.tgz",
          "integrity": "sha1-iNZIkJFavrEnzXVwJxFtUN8+aN8=",
          "requires": {
            "hoek": "4.x.x",
            "isemail": "2.x.x",
            "items": "2.x.x",
            "moment": "2.x.x",
            "topo": "2.x.x"
          }
        }
      }
    },
    "hoek": {
      "version": "4.2.1",
      "resolved": "http://registry.npmjs.org/hoek/-/hoek-4.2.1.tgz",
      "integrity": "sha512-QLg82fGkfnJ/4iy1xZ81/9SIJiq1NGFUMGs6ParyjBZr6jW2Ufj/snDqTHixNlHdPNwN2RLVD0Pi3igeK9+JfA=="
    },
    "hooks-fixed": {
      "version": "2.0.2",
      "resolved": "https://registry.npmjs.org/hooks-fixed/-/hooks-fixed-2.0.2.tgz",
      "integrity": "sha512-YurCM4gQSetcrhwEtpQHhQ4M7Zo7poNGqY4kQGeBS6eZtOcT3tnNs01ThFa0jYBByAiYt1MjMjP/YApG0EnAvQ=="
    },
    "http-status": {
      "version": "0.2.5",
      "resolved": "https://registry.npmjs.org/http-status/-/http-status-0.2.5.tgz",
      "integrity": "sha1-l2+RB36nv8FSd8vPjIDE1cUbSbA="
    },
    "inert": {
      "version": "4.2.1",
      "resolved": "https://registry.npmjs.org/inert/-/inert-4.2.1.tgz",
      "integrity": "sha512-qmbbZYPSzU/eOUOStPQvSjrU9IR1Q3uDtsEsVwnBQeZG43xu7Nrj6yuUrX3ice/03rv5dj/KiKB+NGCbiqH+aQ==",
      "requires": {
        "ammo": "2.x.x",
        "boom": "5.x.x",
        "hoek": "4.x.x",
        "items": "2.x.x",
        "joi": "10.x.x",
        "lru-cache": "4.1.x"
      },
      "dependencies": {
        "boom": {
          "version": "5.2.0",
          "resolved": "https://registry.npmjs.org/boom/-/boom-5.2.0.tgz",
          "integrity": "sha512-Z5BTk6ZRe4tXXQlkqftmsAUANpXmuwlsF5Oov8ThoMbQRzdGTA1ngYRW160GexgOgjsFOKJz0LYhoNi+2AMBUw==",
          "requires": {
            "hoek": "4.x.x"
          }
        },
        "joi": {
          "version": "10.6.0",
          "resolved": "https://registry.npmjs.org/joi/-/joi-10.6.0.tgz",
          "integrity": "sha512-hBF3LcqyAid+9X/pwg+eXjD2QBZI5eXnBFJYaAkH4SK3mp9QSRiiQnDYlmlz5pccMvnLcJRS4whhDOTCkmsAdQ==",
          "requires": {
            "hoek": "4.x.x",
            "isemail": "2.x.x",
            "items": "2.x.x",
            "topo": "2.x.x"
          }
        }
      }
    },
    "inherits": {
      "version": "2.0.3",
      "resolved": "https://registry.npmjs.org/inherits/-/inherits-2.0.3.tgz",
      "integrity": "sha1-Yzwsg+PaQqUC9SRmAiSA9CCCYd4="
    },
    "isarray": {
      "version": "1.0.0",
      "resolved": "https://registry.npmjs.org/isarray/-/isarray-1.0.0.tgz",
      "integrity": "sha1-u5NdSFgsuhaMBoNJV6VKPgcSTxE="
    },
    "isemail": {
      "version": "2.2.1",
      "resolved": "http://registry.npmjs.org/isemail/-/isemail-2.2.1.tgz",
      "integrity": "sha1-A1PT2aYpUQgMJiwqoKQrjqjp4qY="
    },
    "items": {
      "version": "2.1.2",
      "resolved": "https://registry.npmjs.org/items/-/items-2.1.2.tgz",
      "integrity": "sha512-kezcEqgB97BGeZZYtX/MA8AG410ptURstvnz5RAgyFZ8wQFPMxHY8GpTq+/ZHKT3frSlIthUq7EvLt9xn3TvXg=="
    },
    "joi": {
      "version": "9.2.0",
      "resolved": "http://registry.npmjs.org/joi/-/joi-9.2.0.tgz",
      "integrity": "sha1-M4WseQGSEwy+Iw6ALsAskhW7/to=",
      "requires": {
        "hoek": "4.x.x",
        "isemail": "2.x.x",
        "items": "2.x.x",
        "moment": "2.x.x",
        "topo": "2.x.x"
      }
    },
    "js-yaml": {
      "version": "3.12.0",
      "resolved": "https://registry.npmjs.org/js-yaml/-/js-yaml-3.12.0.tgz",
      "integrity": "sha512-PIt2cnwmPfL4hKNwqeiuz4bKfnzHTBv6HyVgjahA6mPLwPDzjDWrplJBMjHUFxku/N3FlmrbyPclad+I+4mJ3A==",
      "requires": {
        "argparse": "^1.0.7",
        "esprima": "^4.0.0"
      }
    },
    "json-schema-ref-parser": {
      "version": "3.3.1",
      "resolved": "https://registry.npmjs.org/json-schema-ref-parser/-/json-schema-ref-parser-3.3.1.tgz",
      "integrity": "sha512-stQTMhec2R/p2L9dH4XXRlpNCP0mY8QrLd/9Kl+8SHJQmwHtE1nDfXH4wbsSM+GkJMl8t92yZbI0OIol432CIQ==",
      "requires": {
        "call-me-maybe": "^1.0.1",
        "debug": "^3.0.0",
        "es6-promise": "^4.1.1",
        "js-yaml": "^3.9.1",
        "ono": "^4.0.2",
        "z-schema": "^3.18.2"
      }
    },
    "json-stringify-safe": {
      "version": "5.0.1",
      "resolved": "https://registry.npmjs.org/json-stringify-safe/-/json-stringify-safe-5.0.1.tgz",
      "integrity": "sha1-Epai1Y/UXxmg9s4B1lcB4sc1tus="
    },
    "kareem": {
      "version": "1.5.0",
      "resolved": "https://registry.npmjs.org/kareem/-/kareem-1.5.0.tgz",
      "integrity": "sha1-4+QQHZ3P3imXadr0tNtk2JXRdEg="
    },
    "lodash": {
      "version": "4.17.11",
      "resolved": "https://registry.npmjs.org/lodash/-/lodash-4.17.11.tgz",
      "integrity": "sha512-cQKh8igo5QUhZ7lg38DYWAxMvjSAKG0A8wGSVimP07SIUEK2UO+arSRKbRZWtelMtN5V0Hkwh5ryOto/SshYIg=="
    },
    "lodash.get": {
      "version": "4.4.2",
      "resolved": "https://registry.npmjs.org/lodash.get/-/lodash.get-4.4.2.tgz",
      "integrity": "sha1-LRd/ZS+jHpObRDjVNBSZ36OCXpk="
    },
    "lodash.isequal": {
      "version": "4.5.0",
      "resolved": "https://registry.npmjs.org/lodash.isequal/-/lodash.isequal-4.5.0.tgz",
      "integrity": "sha1-QVxEePK8wwEgwizhDtMib30+GOA="
    },
    "lru-cache": {
      "version": "4.1.5",
      "resolved": "https://registry.npmjs.org/lru-cache/-/lru-cache-4.1.5.tgz",
      "integrity": "sha512-sWZlbEP2OsHNkXrMl5GYk/jKk70MBng6UU4YI/qGDYbgf6YbP4EvmqISbXCoJiRKs+1bSpFHVgQxvJ17F2li5g==",
      "requires": {
        "pseudomap": "^1.0.2",
        "yallist": "^2.1.2"
      }
    },
    "minimist": {
      "version": "0.0.10",
      "resolved": "http://registry.npmjs.org/minimist/-/minimist-0.0.10.tgz",
      "integrity": "sha1-3j+YVD2/lggr5IrRoMfNqDYwHc8="
    },
    "moment": {
      "version": "2.19.4",
      "resolved": "https://registry.npmjs.org/moment/-/moment-2.19.4.tgz",
      "integrity": "sha512-1xFTAknSLfc47DIxHDUbnJWC+UwgWxATmymaxIPQpmMh7LBm7ZbwVEsuushqwL2GYZU0jie4xO+TK44hJPjNSQ=="
    },
    "mongodb": {
      "version": "2.2.34",
      "resolved": "https://registry.npmjs.org/mongodb/-/mongodb-2.2.34.tgz",
      "integrity": "sha1-o09Zu+thdUrsQy3nLD/iFSakTBo=",
      "requires": {
        "es6-promise": "3.2.1",
        "mongodb-core": "2.1.18",
        "readable-stream": "2.2.7"
      },
      "dependencies": {
        "es6-promise": {
          "version": "3.2.1",
          "resolved": "http://registry.npmjs.org/es6-promise/-/es6-promise-3.2.1.tgz",
          "integrity": "sha1-7FYjOGgDKQkgcXDDlEjiREndH8Q="
        },
        "process-nextick-args": {
          "version": "1.0.7",
          "resolved": "https://registry.npmjs.org/process-nextick-args/-/process-nextick-args-1.0.7.tgz",
          "integrity": "sha1-FQ4gt1ZZCtP5EJPyWk8q2L/zC6M="
        },
        "readable-stream": {
          "version": "2.2.7",
          "resolved": "https://registry.npmjs.org/readable-stream/-/readable-stream-2.2.7.tgz",
          "integrity": "sha1-BwV6y+JGeyIELTb5jFrVBwVOlbE=",
          "requires": {
            "buffer-shims": "~1.0.0",
            "core-util-is": "~1.0.0",
            "inherits": "~2.0.1",
            "isarray": "~1.0.0",
            "process-nextick-args": "~1.0.6",
            "string_decoder": "~1.0.0",
            "util-deprecate": "~1.0.1"
          }
        },
        "string_decoder": {
          "version": "1.0.3",
          "resolved": "https://registry.npmjs.org/string_decoder/-/string_decoder-1.0.3.tgz",
          "integrity": "sha512-4AH6Z5fzNNBcH+6XDMfA/BTt87skxqJlO0lAh3Dker5zThcAxG6mKz+iGu308UKoPPQ8Dcqx/4JhujzltRa+hQ==",
          "requires": {
            "safe-buffer": "~5.1.0"
          }
        }
      }
    },
    "mongodb-core": {
      "version": "2.1.18",
      "resolved": "https://registry.npmjs.org/mongodb-core/-/mongodb-core-2.1.18.tgz",
      "integrity": "sha1-TEYTm986HwMt7ZHbSfOO7AFlkFA=",
      "requires": {
        "bson": "~1.0.4",
        "require_optional": "~1.0.0"
      }
    },
    "mongoose": {
      "version": "4.13.17",
      "resolved": "https://registry.npmjs.org/mongoose/-/mongoose-4.13.17.tgz",
      "integrity": "sha512-VGeSP5O3k9HUXsNm9AocdAlVbfaHV/RHgHc8Jfvwr0D0ZyzgJ3JJ+MKSmz+omicNOhBsmpBEL1zVHM2uIj8tDQ==",
      "requires": {
        "async": "2.6.0",
        "bson": "~1.0.4",
        "hooks-fixed": "2.0.2",
        "kareem": "1.5.0",
        "lodash.get": "4.4.2",
        "mongodb": "2.2.34",
        "mpath": "0.5.1",
        "mpromise": "0.5.5",
        "mquery": "2.3.3",
        "ms": "2.0.0",
        "muri": "1.3.0",
        "regexp-clone": "0.0.1",
        "sliced": "1.0.1"
      },
      "dependencies": {
        "async": {
          "version": "2.6.0",
          "resolved": "https://registry.npmjs.org/async/-/async-2.6.0.tgz",
          "integrity": "sha512-xAfGg1/NTLBBKlHFmnd7PlmUW9KhVQIUuSrYem9xzFUZy13ScvtyGGejaae9iAVRiRq9+Cx7DPFaAAhCpyxyPw==",
          "requires": {
            "lodash": "^4.14.0"
          }
        },
        "ms": {
          "version": "2.0.0",
          "resolved": "https://registry.npmjs.org/ms/-/ms-2.0.0.tgz",
          "integrity": "sha1-VgiurfwAvmwpAd9fmGF4jeDVl8g="
        }
      }
    },
    "mongoose-autopopulate": {
      "version": "0.4.0",
      "resolved": "http://registry.npmjs.org/mongoose-autopopulate/-/mongoose-autopopulate-0.4.0.tgz",
      "integrity": "sha1-/4Selu419TlXfx9CBC2NoJqGVhQ="
    },
    "mongoose-sequence": {
      "version": "3.2.0",
      "resolved": "https://registry.npmjs.org/mongoose-sequence/-/mongoose-sequence-3.2.0.tgz",
      "integrity": "sha1-OJ2/FjnlV+fa5nsc8RnITzKRE6g=",
      "requires": {
        "lodash": "^4.6.1"
      }
    },
    "mpath": {
      "version": "0.5.1",
      "resolved": "https://registry.npmjs.org/mpath/-/mpath-0.5.1.tgz",
      "integrity": "sha512-H8OVQ+QEz82sch4wbODFOz+3YQ61FYz/z3eJ5pIdbMEaUzDqA268Wd+Vt4Paw9TJfvDgVKaayC0gBzMIw2jhsg=="
    },
    "mpromise": {
      "version": "0.5.5",
      "resolved": "https://registry.npmjs.org/mpromise/-/mpromise-0.5.5.tgz",
      "integrity": "sha1-9bJCWddjrMIlewoMjG2Gb9UXMuY="
    },
    "mquery": {
      "version": "2.3.3",
      "resolved": "https://registry.npmjs.org/mquery/-/mquery-2.3.3.tgz",
      "integrity": "sha512-NC8L14kn+qxJbbJ1gbcEMDxF0sC3sv+1cbRReXXwVvowcwY1y9KoVZFq0ebwARibsadu8lx8nWGvm3V0Pf0ZWQ==",
      "requires": {
        "bluebird": "3.5.0",
        "debug": "2.6.9",
        "regexp-clone": "0.0.1",
        "sliced": "0.0.5"
      },
      "dependencies": {
        "debug": {
          "version": "2.6.9",
          "resolved": "https://registry.npmjs.org/debug/-/debug-2.6.9.tgz",
          "integrity": "sha512-bC7ElrdJaJnPbAP+1EotYvqZsb3ecl5wi6Bfi6BJTUcNowp6cvspg0jXznRTKDjm/E7AdgFBVeAPVMNcKGsHMA==",
          "requires": {
            "ms": "2.0.0"
          }
        },
        "ms": {
          "version": "2.0.0",
          "resolved": "https://registry.npmjs.org/ms/-/ms-2.0.0.tgz",
          "integrity": "sha1-VgiurfwAvmwpAd9fmGF4jeDVl8g="
        },
        "sliced": {
          "version": "0.0.5",
          "resolved": "https://registry.npmjs.org/sliced/-/sliced-0.0.5.tgz",
          "integrity": "sha1-XtwETKTrb3gW1Qui/GPiXY/kcH8="
        }
      }
    },
    "ms": {
      "version": "2.1.1",
      "resolved": "https://registry.npmjs.org/ms/-/ms-2.1.1.tgz",
      "integrity": "sha512-tgp+dl5cGk28utYktBsrFqA7HKgrhgPsg6Z/EfhWI4gl1Hwq8B/GmY/0oXZ6nF8hDVesS/FpnYaD/kOWhYQvyg=="
    },
    "muri": {
      "version": "1.3.0",
      "resolved": "https://registry.npmjs.org/muri/-/muri-1.3.0.tgz",
      "integrity": "sha512-FiaFwKl864onHFFUV/a2szAl7X0fxVlSKNdhTf+BM8i8goEgYut8u5P9MqQqIYwvaMxjzVESsoEm/2kfkFH1rg=="
    },
    "once": {
      "version": "1.4.0",
      "resolved": "https://registry.npmjs.org/once/-/once-1.4.0.tgz",
      "integrity": "sha1-WDsap3WWHUsROsF9nFC6753Xa9E=",
      "requires": {
        "wrappy": "1"
      }
    },
    "ono": {
      "version": "4.0.11",
      "resolved": "https://registry.npmjs.org/ono/-/ono-4.0.11.tgz",
      "integrity": "sha512-jQ31cORBFE6td25deYeD80wxKBMj+zBmHTrVxnc6CKhx8gho6ipmWM5zj/oeoqioZ99yqBls9Z/9Nss7J26G2g==",
      "requires": {
        "format-util": "^1.0.3"
      }
    },
    "oppsy": {
      "version": "1.0.2",
      "resolved": "https://registry.npmjs.org/oppsy/-/oppsy-1.0.2.tgz",
      "integrity": "sha1-mAFM1pZ2U6g8//pVQibckAULqtQ=",
      "requires": {
        "hoek": "4.x.x",
        "items": "2.x.x"
      }
    },
    "optimist": {
      "version": "0.6.1",
      "resolved": "https://registry.npmjs.org/optimist/-/optimist-0.6.1.tgz",
      "integrity": "sha1-2j6nRob6IaGaERwybpDrFaAZZoY=",
      "requires": {
        "minimist": "~0.0.1",
        "wordwrap": "~0.0.2"
      }
    },
    "process-nextick-args": {
      "version": "2.0.0",
      "resolved": "https://registry.npmjs.org/process-nextick-args/-/process-nextick-args-2.0.0.tgz",
      "integrity": "sha512-MtEC1TqN0EU5nephaJ4rAtThHtC86dNN9qCuEhtshvpVBkAW5ZO7BASN9REnF9eoXGcRub+pFuKEpOHE+HbEMw=="
    },
    "pseudomap": {
      "version": "1.0.2",
      "resolved": "https://registry.npmjs.org/pseudomap/-/pseudomap-1.0.2.tgz",
      "integrity": "sha1-8FKijacOYYkX7wqKw0wa5aaChrM="
    },
    "pump": {
      "version": "2.0.1",
      "resolved": "https://registry.npmjs.org/pump/-/pump-2.0.1.tgz",
      "integrity": "sha512-ruPMNRkN3MHP1cWJc9OWr+T/xDP0jhXYCLfJcBuX54hhfIBnaQmAUMfDcG4DM5UMWByBbJY69QSphm3jtDKIkA==",
      "requires": {
        "end-of-stream": "^1.1.0",
        "once": "^1.3.1"
      }
    },
    "pumpify": {
      "version": "1.3.6",
      "resolved": "https://registry.npmjs.org/pumpify/-/pumpify-1.3.6.tgz",
      "integrity": "sha512-BurGAcvezsINL5US9T9wGHHcLNrG6MCp//ECtxron3vcR+Rfx5Anqq7HbZXNJvFQli8FGVsWCAvywEJFV5Hx/Q==",
      "requires": {
        "duplexify": "^3.5.3",
        "inherits": "^2.0.3",
        "pump": "^2.0.0"
      }
    },
    "readable-stream": {
      "version": "2.3.6",
      "resolved": "http://registry.npmjs.org/readable-stream/-/readable-stream-2.3.6.tgz",
      "integrity": "sha512-tQtKA9WIAhBF3+VLAseyMqZeBjW0AHJoxOtYqSUZNJxauErmLbVm2FW1y+J/YA9dUrAC39ITejlZWhVIwawkKw==",
      "requires": {
        "core-util-is": "~1.0.0",
        "inherits": "~2.0.3",
        "isarray": "~1.0.0",
        "process-nextick-args": "~2.0.0",
        "safe-buffer": "~5.1.1",
        "string_decoder": "~1.1.1",
        "util-deprecate": "~1.0.1"
      }
    },
    "regexp-clone": {
      "version": "0.0.1",
      "resolved": "https://registry.npmjs.org/regexp-clone/-/regexp-clone-0.0.1.tgz",
      "integrity": "sha1-p8LgmJH9vzj7sQ03b7cwA+aKxYk="
    },
    "require_optional": {
      "version": "1.0.1",
      "resolved": "https://registry.npmjs.org/require_optional/-/require_optional-1.0.1.tgz",
      "integrity": "sha512-qhM/y57enGWHAe3v/NcwML6a3/vfESLe/sGM2dII+gEO0BpKRUkWZow/tyloNqJyN6kXSl3RyyM8Ll5D/sJP8g==",
      "requires": {
        "resolve-from": "^2.0.0",
        "semver": "^5.1.0"
      }
    },
    "resolve-from": {
      "version": "2.0.0",
      "resolved": "https://registry.npmjs.org/resolve-from/-/resolve-from-2.0.0.tgz",
      "integrity": "sha1-lICrIOlP+h2egKgEx+oUdhGWa1c="
    },
    "safe-buffer": {
      "version": "5.1.2",
      "resolved": "https://registry.npmjs.org/safe-buffer/-/safe-buffer-5.1.2.tgz",
      "integrity": "sha512-Gd2UZBJDkXlY7GbJxfsE8/nvKkUEU1G38c1siN6QP6a9PT9MmHB8GnpscSmMJSoF8LOIrt8ud/wPtojys4G6+g=="
    },
    "semver": {
      "version": "5.6.0",
      "resolved": "https://registry.npmjs.org/semver/-/semver-5.6.0.tgz",
      "integrity": "sha512-RS9R6R35NYgQn++fkDWaOmqGoj4Ek9gGs+DPxNUZKuwE183xjJroKvyo1IzVFeXvUrvmALy6FWD5xrdJT25gMg=="
    },
    "sliced": {
      "version": "1.0.1",
      "resolved": "https://registry.npmjs.org/sliced/-/sliced-1.0.1.tgz",
      "integrity": "sha1-CzpmK10Ewxd7GSa+qCsD+Dei70E="
    },
    "source-map": {
      "version": "0.6.1",
      "resolved": "https://registry.npmjs.org/source-map/-/source-map-0.6.1.tgz",
      "integrity": "sha512-UjgapumWlbMhkBgzT7Ykc5YXUT46F0iKu8SGXq0bcwP5dz/h0Plj6enJqjz1Zbq2l5WaqYnrVbwWOWMyF3F47g=="
    },
    "sprintf-js": {
      "version": "1.0.3",
      "resolved": "http://registry.npmjs.org/sprintf-js/-/sprintf-js-1.0.3.tgz",
      "integrity": "sha1-BOaSb2YolTVPPdAVIDYzuFcpfiw="
    },
    "stream-shift": {
      "version": "1.0.0",
      "resolved": "https://registry.npmjs.org/stream-shift/-/stream-shift-1.0.0.tgz",
      "integrity": "sha1-1cdSgl5TZ+eG944Y5EXqIjoVWVI="
    },
    "string_decoder": {
      "version": "1.1.1",
      "resolved": "http://registry.npmjs.org/string_decoder/-/string_decoder-1.1.1.tgz",
      "integrity": "sha512-n/ShnvDi6FHbbVfviro+WojiFzv+s8MPMHBczVePfUpDJLwoLT0ht1l4YwBCbi8pJAveEEdnkHyPyTP/mzRfwg==",
      "requires": {
        "safe-buffer": "~5.1.0"
      }
    },
    "topo": {
      "version": "2.0.2",
      "resolved": "http://registry.npmjs.org/topo/-/topo-2.0.2.tgz",
      "integrity": "sha1-zVYVdSU5BXwNwEkaYhw7xvvh0YI=",
      "requires": {
        "hoek": "4.x.x"
      }
    },
    "uglify-js": {
      "version": "3.4.9",
      "resolved": "https://registry.npmjs.org/uglify-js/-/uglify-js-3.4.9.tgz",
      "integrity": "sha512-8CJsbKOtEbnJsTyv6LE6m6ZKniqMiFWmm9sRbopbkGs3gMPPfd3Fh8iIA4Ykv5MgaTbqHr4BaoGLJLZNhsrW1Q==",
      "optional": true,
      "requires": {
        "commander": "~2.17.1",
        "source-map": "~0.6.1"
      }
    },
    "util-deprecate": {
      "version": "1.0.2",
      "resolved": "https://registry.npmjs.org/util-deprecate/-/util-deprecate-1.0.2.tgz",
      "integrity": "sha1-RQ1Nyfpw3nMnYvvS1KKJgUGaDM8="
    },
    "validator": {
      "version": "10.9.0",
      "resolved": "https://registry.npmjs.org/validator/-/validator-10.9.0.tgz",
      "integrity": "sha512-hZJcZSWz9poXBlAkjjcsNAdrZ6JbjD3kWlNjq/+vE7RLLS/+8PAj3qVVwrwsOz/WL8jPmZ1hYkRvtlUeZAm4ug=="
    },
    "vision": {
      "version": "4.1.1",
      "resolved": "http://registry.npmjs.org/vision/-/vision-4.1.1.tgz",
      "integrity": "sha1-4bYSstLi8gMQoDkpD9SdUSSPgto=",
      "requires": {
        "boom": "4.x.x",
        "hoek": "4.x.x",
        "items": "2.x.x",
        "joi": "10.x.x"
      },
      "dependencies": {
        "boom": {
          "version": "4.3.1",
          "resolved": "https://registry.npmjs.org/boom/-/boom-4.3.1.tgz",
          "integrity": "sha1-T4owBctKfjiJ90kDD9JbluAdLjE=",
          "requires": {
            "hoek": "4.x.x"
          }
        },
        "joi": {
          "version": "10.6.0",
          "resolved": "https://registry.npmjs.org/joi/-/joi-10.6.0.tgz",
          "integrity": "sha512-hBF3LcqyAid+9X/pwg+eXjD2QBZI5eXnBFJYaAkH4SK3mp9QSRiiQnDYlmlz5pccMvnLcJRS4whhDOTCkmsAdQ==",
          "requires": {
            "hoek": "4.x.x",
            "isemail": "2.x.x",
            "items": "2.x.x",
            "topo": "2.x.x"
          }
        }
      }
    },
    "wordwrap": {
      "version": "0.0.3",
      "resolved": "https://registry.npmjs.org/wordwrap/-/wordwrap-0.0.3.tgz",
      "integrity": "sha1-o9XabNXAvAAI03I0u68b7WMFkQc="
    },
    "wrappy": {
      "version": "1.0.2",
      "resolved": "https://registry.npmjs.org/wrappy/-/wrappy-1.0.2.tgz",
      "integrity": "sha1-tSQ9jz7BqjXxNkYFvA0QNuMKtp8="
    },
    "yallist": {
      "version": "2.1.2",
      "resolved": "https://registry.npmjs.org/yallist/-/yallist-2.1.2.tgz",
      "integrity": "sha1-HBH5IY8HYImkfdUS+TxmmaaoHVI="
    },
    "z-schema": {
      "version": "3.24.2",
      "resolved": "https://registry.npmjs.org/z-schema/-/z-schema-3.24.2.tgz",
      "integrity": "sha512-Zb2YLJ9g72MexBXKPRzoypd4OZfVkFghdy10eVbcMNLl9YQsPXtyMpiK7a3sG7IIERg1lEDjEMrG9Km9DPbWLw==",
      "requires": {
        "commander": "^2.7.1",
        "core-js": "^2.5.7",
        "lodash.get": "^4.0.0",
        "lodash.isequal": "^4.0.0",
        "validator": "^10.0.0"
      }
    }
  }
}
